
Microsoft Visual Studio Solution File, Format Version 12.00
# Visual Studio Version 17
VisualStudioVersion = 17.8.34309.116
MinimumVisualStudioVersion = 10.0.40219.1
Project("{FAE04EC0-301F-11D3-BF4B-00C04F79EFBC}") = "BlazorDemo.Server", "BlazorDemo.Server\BlazorDemo.Server.csproj", "{AE9C30CB-FF76-4110-BCAB-4E7B6686EC85}"
EndProject
Project("{FAE04EC0-301F-11D3-BF4B-00C04F79EFBC}") = "BlazorDemo.WASM", "BlazorDemo.WASM\BlazorDemo.WASM\BlazorDemo.WASM.csproj", "{6055DE31-82C8-4583-B43D-015E7575269F}"
EndProject
Project("{FAE04EC0-301F-11D3-BF4B-00C04F79EFBC}") = "BlazorDemo.WASM.Client", "BlazorDemo.WASM\BlazorDemo.WASM.Client\BlazorDemo.WASM.Client.csproj", "{5B46E2C8-52B5-4ADB-828F-CDC963A6091C}"
EndProject
Project("{FAE04EC0-301F-11D3-BF4B-00C04F79EFBC}") = "BlazorDemo.None", "BlazorDemo.None\BlazorDemo.None.csproj", "{7B6047C4-39A7-49AD-8246-37A5BE893844}"
EndProject
Project("{FAE04EC0-301F-11D3-BF4B-00C04F79EFBC}") = "BlazorDemo.Auto", "BlazorDemo.Auto\BlazorDemo.Auto\BlazorDemo.Auto.csproj", "{6A619CD2-63EA-4885-BD14-AB357BC99F8D}"
EndProject
Project("{FAE04EC0-301F-11D3-BF4B-00C04F79EFBC}") = "BlazorDemo.Auto.Client", "BlazorDemo.Auto\BlazorDemo.Auto.Client\BlazorDemo.Auto.Client.csproj", "{D46994AB-D258-4202-BBCF-9B77E06FAD75}"
EndProject
Global
	GlobalSection(SolutionConfigurationPlatforms) = preSolution
		Debug|Any CPU = Debug|Any CPU
		Release|Any CPU = Release|Any CPU
	EndGlobalSection
	GlobalSection(ProjectConfigurationPlatforms) = postSolution
		{AE9C30CB-FF76-4110-BCAB-4E7B6686EC85}.Debug|Any CPU.ActiveCfg = Debug|Any CPU
		{AE9C30CB-FF76-4110-BCAB-4E7B6686EC85}.Debug|Any CPU.Build.0 = Debug|Any CPU
		{AE9C30CB-FF76-4110-BCAB-4E7B6686EC85}.Release|Any CPU.ActiveCfg = Release|Any CPU
		{AE9C30CB-FF76-4110-BCAB-4E7B6686EC85}.Release|Any CPU.Build.0 = Release|Any CPU
		{6055DE31-82C8-4583-B43D-015E7575269F}.Debug|Any CPU.ActiveCfg = Debug|Any CPU
		{6055DE31-82C8-4583-B43D-015E7575269F}.Debug|Any CPU.Build.0 = Debug|Any CPU
		{6055DE31-82C8-4583-B43D-015E7575269F}.Release|Any CPU.ActiveCfg = Release|Any CPU
		{6055DE31-82C8-4583-B43D-015E7575269F}.Release|Any CPU.Build.0 = Release|Any CPU
		{5B46E2C8-52B5-4ADB-828F-CDC963A6091C}.Debug|Any CPU.ActiveCfg = Debug|Any CPU
		{5B46E2C8-52B5-4ADB-828F-CDC963A6091C}.Debug|Any CPU.Build.0 = Debug|Any CPU
		{5B46E2C8-52B5-4ADB-828F-CDC963A6091C}.Release|Any CPU.ActiveCfg = Release|Any CPU
		{5B46E2C8-52B5-4ADB-828F-CDC963A6091C}.Release|Any CPU.Build.0 = Release|Any CPU
		{7B6047C4-39A7-49AD-8246-37A5BE893844}.Debug|Any CPU.ActiveCfg = Debug|Any CPU
		{7B6047C4-39A7-49AD-8246-37A5BE893844}.Debug|Any CPU.Build.0 = Debug|Any CPU
		{7B6047C4-39A7-49AD-8246-37A5BE893844}.Release|Any CPU.ActiveCfg = Release|Any CPU
		{7B6047C4-39A7-49AD-8246-37A5BE893844}.Release|Any CPU.Build.0 = Release|Any CPU
		{6A619CD2-63EA-4885-BD14-AB357BC99F8D}.Debug|Any CPU.ActiveCfg = Debug|Any CPU
		{6A619CD2-63EA-4885-BD14-AB357BC99F8D}.Debug|Any CPU.Build.0 = Debug|Any CPU
		{6A619CD2-63EA-4885-BD14-AB357BC99F8D}.Release|Any CPU.ActiveCfg = Release|Any CPU
		{6A619CD2-63EA-4885-BD14-AB357BC99F8D}.Release|Any CPU.Build.0 = Release|Any CPU
		{D46994AB-D258-4202-BBCF-9B77E06FAD75}.Debug|Any CPU.ActiveCfg = Debug|Any CPU
		{D46994AB-D258-4202-BBCF-9B77E06FAD75}.Debug|Any CPU.Build.0 = Debug|Any CPU
		{D46994AB-D258-4202-BBCF-9B77E06FAD75}.Release|Any CPU.ActiveCfg = Release|Any CPU
		{D46994AB-D258-4202-BBCF-9B77E06FAD75}.Release|Any CPU.Build.0 = Release|Any CPU
	EndGlobalSection
	GlobalSection(SolutionProperties) = preSolution
		HideSolutionNode = FALSE
	EndGlobalSection
	GlobalSection(ExtensibilityGlobals) = postSolution
		SolutionGuid = {C0D51B23-4AC3-4442-90FD-4550ABF45D40}
	EndGlobalSection
EndGlobal
