
Microsoft Visual Studio Solution File, Format Version 12.00
# Visual Studio Version 17
VisualStudioVersion = 17.9.34310.174
MinimumVisualStudioVersion = 10.0.40219.1
Project("{9A19103F-16F7-4668-BE54-9A1E7A4F7556}") = "BlazorDemo", "BlazorDemo\BlazorDemo.csproj", "{8B3896E7-DEC2-4065-B91D-AABE771A787B}"
EndProject
Project("{FAE04EC0-301F-11D3-BF4B-00C04F79EFBC}") = "BlazorDemo.Client", "BlazorDemo.Client\BlazorDemo.Client.csproj", "{7C5B2973-EF6A-43DD-80C8-9C03D4AA29BC}"
EndProject
Global
	GlobalSection(SolutionConfigurationPlatforms) = preSolution
		Debug|Any CPU = Debug|Any CPU
		Release|Any CPU = Release|Any CPU
	EndGlobalSection
	GlobalSection(ProjectConfigurationPlatforms) = postSolution
		{8B3896E7-DEC2-4065-B91D-AABE771A787B}.Debug|Any CPU.ActiveCfg = Debug|Any CPU
		{8B3896E7-DEC2-4065-B91D-AABE771A787B}.Debug|Any CPU.Build.0 = Debug|Any CPU
		{8B3896E7-DEC2-4065-B91D-AABE771A787B}.Release|Any CPU.ActiveCfg = Release|Any CPU
		{8B3896E7-DEC2-4065-B91D-AABE771A787B}.Release|Any CPU.Build.0 = Release|Any CPU
		{7C5B2973-EF6A-43DD-80C8-9C03D4AA29BC}.Debug|Any CPU.ActiveCfg = Debug|Any CPU
		{7C5B2973-EF6A-43DD-80C8-9C03D4AA29BC}.Debug|Any CPU.Build.0 = Debug|Any CPU
		{7C5B2973-EF6A-43DD-80C8-9C03D4AA29BC}.Release|Any CPU.ActiveCfg = Release|Any CPU
		{7C5B2973-EF6A-43DD-80C8-9C03D4AA29BC}.Release|Any CPU.Build.0 = Release|Any CPU
	EndGlobalSection
	GlobalSection(SolutionProperties) = preSolution
		HideSolutionNode = FALSE
	EndGlobalSection
	GlobalSection(ExtensibilityGlobals) = postSolution
		SolutionGuid = {FC12B0FC-8D42-4D01-84BE-BDD7C1CA3BEE}
	EndGlobalSection
EndGlobal
