
Microsoft Visual Studio Solution File, Format Version 12.00
# Visual Studio Version 17
VisualStudioVersion = 17.9.34310.174
MinimumVisualStudioVersion = 10.0.40219.1
Project("{9A19103F-16F7-4668-BE54-9A1E7A4F7556}") = "BlazorDemoOn7", "BlazorDemoOn7\BlazorDemoOn7.csproj", "{6A53A70A-5FB8-49CA-A2E3-A139FC3CFC4C}"
EndProject
Project("{9A19103F-16F7-4668-BE54-9A1E7A4F7556}") = "BlazorDemoOn8", "BlazorDemoOn8\BlazorDemoOn8.csproj", "{904A2A31-FEF5-4613-92C5-32CE924469F8}"
EndProject
Project("{FAE04EC0-301F-11D3-BF4B-00C04F79EFBC}") = "WebApplicationMVC", "WebApplicationMVC\WebApplicationMVC.csproj", "{F5BEF2B5-89E3-41C0-AC53-2061B43B6407}"
EndProject
Global
	GlobalSection(SolutionConfigurationPlatforms) = preSolution
		Debug|Any CPU = Debug|Any CPU
		Release|Any CPU = Release|Any CPU
	EndGlobalSection
	GlobalSection(ProjectConfigurationPlatforms) = postSolution
		{6A53A70A-5FB8-49CA-A2E3-A139FC3CFC4C}.Debug|Any CPU.ActiveCfg = Debug|Any CPU
		{6A53A70A-5FB8-49CA-A2E3-A139FC3CFC4C}.Debug|Any CPU.Build.0 = Debug|Any CPU
		{6A53A70A-5FB8-49CA-A2E3-A139FC3CFC4C}.Release|Any CPU.ActiveCfg = Release|Any CPU
		{6A53A70A-5FB8-49CA-A2E3-A139FC3CFC4C}.Release|Any CPU.Build.0 = Release|Any CPU
		{904A2A31-FEF5-4613-92C5-32CE924469F8}.Debug|Any CPU.ActiveCfg = Debug|Any CPU
		{904A2A31-FEF5-4613-92C5-32CE924469F8}.Debug|Any CPU.Build.0 = Debug|Any CPU
		{904A2A31-FEF5-4613-92C5-32CE924469F8}.Release|Any CPU.ActiveCfg = Release|Any CPU
		{904A2A31-FEF5-4613-92C5-32CE924469F8}.Release|Any CPU.Build.0 = Release|Any CPU
		{F5BEF2B5-89E3-41C0-AC53-2061B43B6407}.Debug|Any CPU.ActiveCfg = Debug|Any CPU
		{F5BEF2B5-89E3-41C0-AC53-2061B43B6407}.Debug|Any CPU.Build.0 = Debug|Any CPU
		{F5BEF2B5-89E3-41C0-AC53-2061B43B6407}.Release|Any CPU.ActiveCfg = Release|Any CPU
		{F5BEF2B5-89E3-41C0-AC53-2061B43B6407}.Release|Any CPU.Build.0 = Release|Any CPU
	EndGlobalSection
	GlobalSection(SolutionProperties) = preSolution
		HideSolutionNode = FALSE
	EndGlobalSection
	GlobalSection(ExtensibilityGlobals) = postSolution
		SolutionGuid = {8554DD47-A04A-499A-9229-04807B7FCB74}
	EndGlobalSection
EndGlobal
